{
  "version": 4,
  "terraform_version": "1.12.1",
  "serial": 7,
  "lineage": "28c2936a-c6d4-7720-a1a2-b0191f75f8f5",
  "outputs": {
    "acr_admin_password": {
      "value": "EWKNqfBOiSxSj6mWRLLMpTBut9tLLorAXN0onkdIWeHuHwTascKyJQQJ99CDACYeBjFEqg7NAAACAZCRgeMd",
      "type": "string",
      "sensitive": true
    },
    "acr_admin_username": {
      "value": "mindconnectacr",
      "type": "string",
      "sensitive": true
    },
    "acr_login_server": {
      "value": "mindconnectacr.azurecr.io",
      "type": "string"
    },
    "aks_cluster_name": {
      "value": "mindconnect-aks",
      "type": "string"
    },
    "get_credentials_command": {
      "value": "az aks get-credentials --resource-group mindconnect-rg --name mindconnect-aks --overwrite-existing",
      "type": "string"
    },
    "resource_group_name": {
      "value": "mindconnect-rg",
      "type": "string"
    }
  },
  "resources": [
    {
      "mode": "managed",
      "type": "azurerm_resource_group",
      "name": "main",
      "provider": "provider[\"registry.terraform.io/hashicorp/azurerm\"]",
      "instances": [
        {
          "schema_version": 0,
          "attributes": {
            "id": "/subscriptions/810c6e2e-77b3-4d05-a15f-87eac12c7a22/resourceGroups/mindconnect-rg",
            "location": "eastus",
            "managed_by": "",
            "name": "mindconnect-rg",
            "tags": {
              "environment": "dev",
              "managed_by": "terraform",
              "owner": "kvikash668",
              "project": "mindconnect"
            },
            "timeouts": null
          },
          "sensitive_attributes": [],
          "identity_schema_version": 0,
          "private": "eyJlMmJmYjczMC1lY2FhLTExZTYtOGY4OC0zNDM2M2JjN2M0YzAiOnsiY3JlYXRlIjo1NDAwMDAwMDAwMDAwLCJkZWxldGUiOjU0MDAwMDAwMDAwMDAsInJlYWQiOjMwMDAwMDAwMDAwMCwidXBkYXRlIjo1NDAwMDAwMDAwMDAwfX0="
        }
      ]
    },
    {
      "module": "module.acr",
      "mode": "managed",
      "type": "azurerm_container_registry",
      "name": "main",
      "provider": "provider[\"registry.terraform.io/hashicorp/azurerm\"]",
      "instances": [
        {
          "schema_version": 2,
          "attributes": {
            "admin_enabled": true,
            "admin_password": "EWKNqfBOiSxSj6mWRLLMpTBut9tLLorAXN0onkdIWeHuHwTascKyJQQJ99CDACYeBjFEqg7NAAACAZCRgeMd",
            "admin_username": "mindconnectacr",
            "anonymous_pull_enabled": false,
            "data_endpoint_enabled": false,
            "encryption": [
              {
                "enabled": false,
                "identity_client_id": "",
                "key_vault_key_id": ""
              }
            ],
            "export_policy_enabled": true,
            "georeplications": [],
            "id": "/subscriptions/810c6e2e-77b3-4d05-a15f-87eac12c7a22/resourceGroups/mindconnect-rg/providers/Microsoft.ContainerRegistry/registries/mindconnectacr",
            "identity": [],
            "location": "eastus",
            "login_server": "mindconnectacr.azurecr.io",
            "name": "mindconnectacr",
            "network_rule_bypass_option": "AzureServices",
            "network_rule_set": [],
            "public_network_access_enabled": true,
            "quarantine_policy_enabled": false,
            "resource_group_name": "mindconnect-rg",
            "retention_policy": [
              {
                "days": 7,
                "enabled": false
              }
            ],
            "sku": "Basic",
            "tags": {
              "environment": "dev",
              "managed_by": "terraform",
              "owner": "kvikash668",
              "project": "mindconnect"
            },
            "timeouts": null,
            "trust_policy": [
              {
                "enabled": false
              }
            ],
            "zone_redundancy_enabled": false
          },
          "sensitive_attributes": [
            [
              {
                "type": "get_attr",
                "value": "admin_password"
              }
            ]
          ],
          "identity_schema_version": 0,
          "private": "eyJlMmJmYjczMC1lY2FhLTExZTYtOGY4OC0zNDM2M2JjN2M0YzAiOnsiY3JlYXRlIjoxODAwMDAwMDAwMDAwLCJkZWxldGUiOjE4MDAwMDAwMDAwMDAsInJlYWQiOjMwMDAwMDAwMDAwMCwidXBkYXRlIjoxODAwMDAwMDAwMDAwfSwic2NoZW1hX3ZlcnNpb24iOiIyIn0=",
          "dependencies": [
            "azurerm_resource_group.main"
          ]
        }
      ]
    },
    {
      "module": "module.aks",
      "mode": "managed",
      "type": "azurerm_log_analytics_workspace",
      "name": "main",
      "provider": "provider[\"registry.terraform.io/hashicorp/azurerm\"]",
      "instances": [
        {
          "schema_version": 3,
          "attributes": {
            "allow_resource_only_permissions": true,
            "cmk_for_query_forced": false,
            "daily_quota_gb": -1,
            "data_collection_rule_id": "",
            "id": "/subscriptions/810c6e2e-77b3-4d05-a15f-87eac12c7a22/resourceGroups/mindconnect-rg/providers/Microsoft.OperationalInsights/workspaces/mindconnect-logs-dev",
            "identity": [],
            "immediate_data_purge_on_30_days_enabled": false,
            "internet_ingestion_enabled": true,
            "internet_query_enabled": true,
            "local_authentication_disabled": false,
            "location": "eastus",
            "name": "mindconnect-logs-dev",
            "primary_shared_key": "HPpmSreqZuWbhh4o/Q1Q3apnkzSInOHFqoN8zzAN8FnKYO/+XHFBGL2sPWpDRrZrgmw5sGojxUpI2HIiBvHm9A==",
            "reservation_capacity_in_gb_per_day": null,
            "resource_group_name": "mindconnect-rg",
            "retention_in_days": 30,
            "secondary_shared_key": "oieTqUGte24A/4xJCBKLXFLXx5GgsuKF5KfDT1mOWgcdj5vSChvR6k+z4uyWT+GER1gN0CyuvM6ZEoor9d5Bgw==",
            "sku": "PerGB2018",
            "tags": {
              "environment": "dev",
              "managed_by": "terraform",
              "owner": "kvikash668",
              "project": "mindconnect"
            },
            "timeouts": null,
            "workspace_id": "4b391c4d-99e3-476a-84f4-8ed83d3f2f61"
          },
          "sensitive_attributes": [
            [
              {
                "type": "get_attr",
                "value": "primary_shared_key"
              }
            ],
            [
              {
                "type": "get_attr",
                "value": "secondary_shared_key"
              }
            ]
          ],
          "identity_schema_version": 0,
          "private": "eyJlMmJmYjczMC1lY2FhLTExZTYtOGY4OC0zNDM2M2JjN2M0YzAiOnsiY3JlYXRlIjoxODAwMDAwMDAwMDAwLCJkZWxldGUiOjE4MDAwMDAwMDAwMDAsInJlYWQiOjMwMDAwMDAwMDAwMCwidXBkYXRlIjoxODAwMDAwMDAwMDAwfSwic2NoZW1hX3ZlcnNpb24iOiIzIn0=",
          "dependencies": [
            "azurerm_resource_group.main"
          ]
        }
      ]
    },
    {
      "module": "module.vnet",
      "mode": "managed",
      "type": "azurerm_subnet",
      "name": "aks",
      "provider": "provider[\"registry.terraform.io/hashicorp/azurerm\"]",
      "instances": [
        {
          "schema_version": 0,
          "attributes": {
            "address_prefixes": [
              "10.240.0.0/16"
            ],
            "default_outbound_access_enabled": true,
            "delegation": [],
            "enforce_private_link_endpoint_network_policies": false,
            "enforce_private_link_service_network_policies": false,
            "id": "/subscriptions/810c6e2e-77b3-4d05-a15f-87eac12c7a22/resourceGroups/mindconnect-rg/providers/Microsoft.Network/virtualNetworks/mindconnect-vnet-dev/subnets/aks-subnet",
            "name": "aks-subnet",
            "private_endpoint_network_policies": "Enabled",
            "private_endpoint_network_policies_enabled": true,
            "private_link_service_network_policies_enabled": true,
            "resource_group_name": "mindconnect-rg",
            "service_endpoint_policy_ids": null,
            "service_endpoints": null,
            "timeouts": null,
            "virtual_network_name": "mindconnect-vnet-dev"
          },
          "sensitive_attributes": [],
          "identity_schema_version": 0,
          "private": "eyJlMmJmYjczMC1lY2FhLTExZTYtOGY4OC0zNDM2M2JjN2M0YzAiOnsiY3JlYXRlIjoxODAwMDAwMDAwMDAwLCJkZWxldGUiOjE4MDAwMDAwMDAwMDAsInJlYWQiOjMwMDAwMDAwMDAwMCwidXBkYXRlIjoxODAwMDAwMDAwMDAwfX0=",
          "dependencies": [
            "azurerm_resource_group.main",
            "module.vnet.azurerm_virtual_network.main"
          ]
        }
      ]
    },
    {
      "module": "module.vnet",
      "mode": "managed",
      "type": "azurerm_virtual_network",
      "name": "main",
      "provider": "provider[\"registry.terraform.io/hashicorp/azurerm\"]",
      "instances": [
        {
          "schema_version": 0,
          "attributes": {
            "address_space": [
              "10.0.0.0/8"
            ],
            "bgp_community": "",
            "ddos_protection_plan": [],
            "dns_servers": [],
            "edge_zone": "",
            "encryption": [],
            "flow_timeout_in_minutes": 0,
            "guid": "c9caffa2-8ac3-4e4a-b551-0861a02265e7",
            "id": "/subscriptions/810c6e2e-77b3-4d05-a15f-87eac12c7a22/resourceGroups/mindconnect-rg/providers/Microsoft.Network/virtualNetworks/mindconnect-vnet-dev",
            "location": "eastus",
            "name": "mindconnect-vnet-dev",
            "resource_group_name": "mindconnect-rg",
            "subnet": [],
            "tags": {
              "environment": "dev",
              "managed_by": "terraform",
              "owner": "kvikash668",
              "project": "mindconnect"
            },
            "timeouts": null
          },
          "sensitive_attributes": [],
          "identity_schema_version": 0,
          "private": "eyJlMmJmYjczMC1lY2FhLTExZTYtOGY4OC0zNDM2M2JjN2M0YzAiOnsiY3JlYXRlIjoxODAwMDAwMDAwMDAwLCJkZWxldGUiOjE4MDAwMDAwMDAwMDAsInJlYWQiOjMwMDAwMDAwMDAwMCwidXBkYXRlIjoxODAwMDAwMDAwMDAwfX0=",
          "dependencies": [
            "azurerm_resource_group.main"
          ]
        }
      ]
    }
  ],
  "check_results": null
}
